
Microsoft Visual Studio Solution File, Format Version 12.00
# Visual Studio Version 17
VisualStudioVersion = 17.3.32922.545
MinimumVisualStudioVersion = 10.0.40219.1
Project("{FAE04EC0-301F-11D3-BF4B-00C04F79EFBC}") = "webapiproject", "webapiproject\webapiproject.csproj", "{95DC897F-CFAA-459C-8AED-CBD49FEA5865}"
EndProject
Project("{FAE04EC0-301F-11D3-BF4B-00C04F79EFBC}") = "BLL_library", "..\EMFProject\BLL_library\BLL_library.csproj", "{CBA4AEAB-666E-4FF3-B73B-3D55CC13BE57}"
EndProject
Project("{FAE04EC0-301F-11D3-BF4B-00C04F79EFBC}") = "DAL_library", "..\EMFProject\DAL_library\DAL_library.csproj", "{C6D7CB82-900A-4238-8BB6-CFDD56BF6C9C}"
EndProject
Global
	GlobalSection(SolutionConfigurationPlatforms) = preSolution
		Debug|Any CPU = Debug|Any CPU
		Release|Any CPU = Release|Any CPU
	EndGlobalSection
	GlobalSection(ProjectConfigurationPlatforms) = postSolution
		{95DC897F-CFAA-459C-8AED-CBD49FEA5865}.Debug|Any CPU.ActiveCfg = Debug|Any CPU
		{95DC897F-CFAA-459C-8AED-CBD49FEA5865}.Debug|Any CPU.Build.0 = Debug|Any CPU
		{95DC897F-CFAA-459C-8AED-CBD49FEA5865}.Release|Any CPU.ActiveCfg = Release|Any CPU
		{95DC897F-CFAA-459C-8AED-CBD49FEA5865}.Release|Any CPU.Build.0 = Release|Any CPU
		{CBA4AEAB-666E-4FF3-B73B-3D55CC13BE57}.Debug|Any CPU.ActiveCfg = Debug|Any CPU
		{CBA4AEAB-666E-4FF3-B73B-3D55CC13BE57}.Debug|Any CPU.Build.0 = Debug|Any CPU
		{CBA4AEAB-666E-4FF3-B73B-3D55CC13BE57}.Release|Any CPU.ActiveCfg = Release|Any CPU
		{CBA4AEAB-666E-4FF3-B73B-3D55CC13BE57}.Release|Any CPU.Build.0 = Release|Any CPU
		{C6D7CB82-900A-4238-8BB6-CFDD56BF6C9C}.Debug|Any CPU.ActiveCfg = Debug|Any CPU
		{C6D7CB82-900A-4238-8BB6-CFDD56BF6C9C}.Debug|Any CPU.Build.0 = Debug|Any CPU
		{C6D7CB82-900A-4238-8BB6-CFDD56BF6C9C}.Release|Any CPU.ActiveCfg = Release|Any CPU
		{C6D7CB82-900A-4238-8BB6-CFDD56BF6C9C}.Release|Any CPU.Build.0 = Release|Any CPU
	EndGlobalSection
	GlobalSection(SolutionProperties) = preSolution
		HideSolutionNode = FALSE
	EndGlobalSection
	GlobalSection(ExtensibilityGlobals) = postSolution
		SolutionGuid = {6608A8B1-C082-4FB2-AB66-AF80768BA758}
	EndGlobalSection
EndGlobal
